
Microsoft Visual Studio Solution File, Format Version 12.00
# Visual Studio Version 17
VisualStudioVersion = 17.0.32126.317
MinimumVisualStudioVersion = 10.0.40219.1
Project("{FAE04EC0-301F-11D3-BF4B-00C04F79EFBC}") = "EM.WindowsForms", "EM.WindowsForms.csproj", "{CA4BDD4D-C06E-4BB5-8C22-E33517573525}"
EndProject
Project("{FAE04EC0-301F-11D3-BF4B-00C04F79EFBC}") = "EM.Domain", "..\EM.Domain\EM.Domain.csproj", "{D1EC3A02-D202-4212-B62D-336A38FBAE10}"
EndProject
Project("{FAE04EC0-301F-11D3-BF4B-00C04F79EFBC}") = "EM.Repository", "..\EM.Repository\EM.Repository.csproj", "{A1169990-71FA-4DD5-9C77-611EA235BA53}"
EndProject
Project("{9A19103F-16F7-4668-BE54-9A1E7A4F7556}") = "Escolar Manager", "..\WebTeste - Separado - Copia\WebTeste1\Escolar Manager.csproj", "{F2BA6C9B-FD42-4965-88A6-AD85228443A4}"
EndProject
Global
	GlobalSection(SolutionConfigurationPlatforms) = preSolution
		Debug|Any CPU = Debug|Any CPU
		Release|Any CPU = Release|Any CPU
	EndGlobalSection
	GlobalSection(ProjectConfigurationPlatforms) = postSolution
		{CA4BDD4D-C06E-4BB5-8C22-E33517573525}.Debug|Any CPU.ActiveCfg = Debug|Any CPU
		{CA4BDD4D-C06E-4BB5-8C22-E33517573525}.Debug|Any CPU.Build.0 = Debug|Any CPU
		{CA4BDD4D-C06E-4BB5-8C22-E33517573525}.Release|Any CPU.ActiveCfg = Release|Any CPU
		{CA4BDD4D-C06E-4BB5-8C22-E33517573525}.Release|Any CPU.Build.0 = Release|Any CPU
		{D1EC3A02-D202-4212-B62D-336A38FBAE10}.Debug|Any CPU.ActiveCfg = Debug|Any CPU
		{D1EC3A02-D202-4212-B62D-336A38FBAE10}.Debug|Any CPU.Build.0 = Debug|Any CPU
		{D1EC3A02-D202-4212-B62D-336A38FBAE10}.Release|Any CPU.ActiveCfg = Release|Any CPU
		{D1EC3A02-D202-4212-B62D-336A38FBAE10}.Release|Any CPU.Build.0 = Release|Any CPU
		{A1169990-71FA-4DD5-9C77-611EA235BA53}.Debug|Any CPU.ActiveCfg = Debug|Any CPU
		{A1169990-71FA-4DD5-9C77-611EA235BA53}.Debug|Any CPU.Build.0 = Debug|Any CPU
		{A1169990-71FA-4DD5-9C77-611EA235BA53}.Release|Any CPU.ActiveCfg = Release|Any CPU
		{A1169990-71FA-4DD5-9C77-611EA235BA53}.Release|Any CPU.Build.0 = Release|Any CPU
		{F2BA6C9B-FD42-4965-88A6-AD85228443A4}.Debug|Any CPU.ActiveCfg = Debug|Any CPU
		{F2BA6C9B-FD42-4965-88A6-AD85228443A4}.Debug|Any CPU.Build.0 = Debug|Any CPU
		{F2BA6C9B-FD42-4965-88A6-AD85228443A4}.Release|Any CPU.ActiveCfg = Release|Any CPU
		{F2BA6C9B-FD42-4965-88A6-AD85228443A4}.Release|Any CPU.Build.0 = Release|Any CPU
	EndGlobalSection
	GlobalSection(SolutionProperties) = preSolution
		HideSolutionNode = FALSE
	EndGlobalSection
	GlobalSection(ExtensibilityGlobals) = postSolution
		SolutionGuid = {3E990025-05BF-478B-82E9-C1BF68F1AFBE}
	EndGlobalSection
EndGlobal
